
Microsoft Visual Studio Solution File, Format Version 12.00
# Visual Studio Version 16
VisualStudioVersion = 16.0.30717.126
MinimumVisualStudioVersion = 10.0.40219.1
Project("{FAE04EC0-301F-11D3-BF4B-00C04F79EFBC}") = "MedziagosKartojimas", "MedziagosKartojimas\MedziagosKartojimas.csproj", "{7030E32D-270F-48ED-B412-A8C2083FB550}"
EndProject
Global
	GlobalSection(SolutionConfigurationPlatforms) = preSolution
		Debug|Any CPU = Debug|Any CPU
		Release|Any CPU = Release|Any CPU
	EndGlobalSection
	GlobalSection(ProjectConfigurationPlatforms) = postSolution
		{7030E32D-270F-48ED-B412-A8C2083FB550}.Debug|Any CPU.ActiveCfg = Debug|Any CPU
		{7030E32D-270F-48ED-B412-A8C2083FB550}.Debug|Any CPU.Build.0 = Debug|Any CPU
		{7030E32D-270F-48ED-B412-A8C2083FB550}.Release|Any CPU.ActiveCfg = Release|Any CPU
		{7030E32D-270F-48ED-B412-A8C2083FB550}.Release|Any CPU.Build.0 = Release|Any CPU
	EndGlobalSection
	GlobalSection(SolutionProperties) = preSolution
		HideSolutionNode = FALSE
	EndGlobalSection
	GlobalSection(ExtensibilityGlobals) = postSolution
		SolutionGuid = {8F19C578-C287-4470-8522-5C5BBB60D934}
	EndGlobalSection
EndGlobal
